
Microsoft Visual Studio Solution File, Format Version 12.00
# Visual Studio 15
VisualStudioVersion = 15.0.28010.2046
MinimumVisualStudioVersion = 10.0.40219.1
Project("{8BC9CEB8-8B4A-11D0-8D11-00A0C91BC942}") = "GameEngine", "GameEngine\GameEngine.vcxproj", "{E3FA77D9-DCFE-4D38-B6FA-BEC31F8D7B98}"
EndProject
Project("{8BC9CEB8-8B4A-11D0-8D11-00A0C91BC942}") = "Sandbox", "Sandbox\Sandbox.vcxproj", "{6FD7AB4F-C964-46DA-A3F3-B77F2FBD24E1}"
EndProject
Global
	GlobalSection(SolutionConfigurationPlatforms) = preSolution
		Debug|x64 = Debug|x64
		Release|x64 = Release|x64
	EndGlobalSection
	GlobalSection(ProjectConfigurationPlatforms) = postSolution
		{E3FA77D9-DCFE-4D38-B6FA-BEC31F8D7B98}.Debug|x64.ActiveCfg = Debug|x64
		{E3FA77D9-DCFE-4D38-B6FA-BEC31F8D7B98}.Debug|x64.Build.0 = Debug|x64
		{E3FA77D9-DCFE-4D38-B6FA-BEC31F8D7B98}.Release|x64.ActiveCfg = Release|x64
		{E3FA77D9-DCFE-4D38-B6FA-BEC31F8D7B98}.Release|x64.Build.0 = Release|x64
		{6FD7AB4F-C964-46DA-A3F3-B77F2FBD24E1}.Debug|x64.ActiveCfg = Debug|x64
		{6FD7AB4F-C964-46DA-A3F3-B77F2FBD24E1}.Debug|x64.Build.0 = Debug|x64
		{6FD7AB4F-C964-46DA-A3F3-B77F2FBD24E1}.Release|x64.ActiveCfg = Release|x64
		{6FD7AB4F-C964-46DA-A3F3-B77F2FBD24E1}.Release|x64.Build.0 = Release|x64
	EndGlobalSection
	GlobalSection(SolutionProperties) = preSolution
		HideSolutionNode = FALSE
	EndGlobalSection
	GlobalSection(ExtensibilityGlobals) = postSolution
		SolutionGuid = {FE25E170-30C6-47B2-AC80-96AD86267AD8}
	EndGlobalSection
EndGlobal
